
Microsoft Visual Studio Solution File, Format Version 12.00
# Visual Studio Version 17
VisualStudioVersion = 17.7.34221.43
MinimumVisualStudioVersion = 10.0.40219.1
Project("{FAE04EC0-301F-11D3-BF4B-00C04F79EFBC}") = "Workaround", "Workaround\Workaround.csproj", "{B0CF3C95-44D3-4861-B210-E4E39EA2A5DA}"
EndProject
Project("{FAE04EC0-301F-11D3-BF4B-00C04F79EFBC}") = "Entities", "Entities\Entities.csproj", "{4F9EF9ED-046A-494C-9319-FB4DE75A1B9C}"
EndProject
Project("{FAE04EC0-301F-11D3-BF4B-00C04F79EFBC}") = "Business", "Business\Business.csproj", "{F8EC8FB2-9FA4-4D09-962A-7B2BCF73B28F}"
EndProject
Global
	GlobalSection(SolutionConfigurationPlatforms) = preSolution
		Debug|Any CPU = Debug|Any CPU
		Release|Any CPU = Release|Any CPU
	EndGlobalSection
	GlobalSection(ProjectConfigurationPlatforms) = postSolution
		{B0CF3C95-44D3-4861-B210-E4E39EA2A5DA}.Debug|Any CPU.ActiveCfg = Debug|Any CPU
		{B0CF3C95-44D3-4861-B210-E4E39EA2A5DA}.Debug|Any CPU.Build.0 = Debug|Any CPU
		{B0CF3C95-44D3-4861-B210-E4E39EA2A5DA}.Release|Any CPU.ActiveCfg = Release|Any CPU
		{B0CF3C95-44D3-4861-B210-E4E39EA2A5DA}.Release|Any CPU.Build.0 = Release|Any CPU
		{4F9EF9ED-046A-494C-9319-FB4DE75A1B9C}.Debug|Any CPU.ActiveCfg = Debug|Any CPU
		{4F9EF9ED-046A-494C-9319-FB4DE75A1B9C}.Debug|Any CPU.Build.0 = Debug|Any CPU
		{4F9EF9ED-046A-494C-9319-FB4DE75A1B9C}.Release|Any CPU.ActiveCfg = Release|Any CPU
		{4F9EF9ED-046A-494C-9319-FB4DE75A1B9C}.Release|Any CPU.Build.0 = Release|Any CPU
		{F8EC8FB2-9FA4-4D09-962A-7B2BCF73B28F}.Debug|Any CPU.ActiveCfg = Debug|Any CPU
		{F8EC8FB2-9FA4-4D09-962A-7B2BCF73B28F}.Debug|Any CPU.Build.0 = Debug|Any CPU
		{F8EC8FB2-9FA4-4D09-962A-7B2BCF73B28F}.Release|Any CPU.ActiveCfg = Release|Any CPU
		{F8EC8FB2-9FA4-4D09-962A-7B2BCF73B28F}.Release|Any CPU.Build.0 = Release|Any CPU
	EndGlobalSection
	GlobalSection(SolutionProperties) = preSolution
		HideSolutionNode = FALSE
	EndGlobalSection
	GlobalSection(ExtensibilityGlobals) = postSolution
		SolutionGuid = {93106A21-3C62-431F-A2BC-604BED18FEB5}
	EndGlobalSection
EndGlobal
